
Microsoft Visual Studio Solution File, Format Version 12.00
# Visual Studio 15
VisualStudioVersion = 15.0.26730.12
MinimumVisualStudioVersion = 10.0.40219.1
Project("{FAE04EC0-301F-11D3-BF4B-00C04F79EFBC}") = "Rice_design", "Rice_design\Rice_design.csproj", "{F070B490-A908-4F4B-B7C7-C0DF3D91BB4E}"
EndProject
Global
	GlobalSection(SolutionConfigurationPlatforms) = preSolution
		Debug|Any CPU = Debug|Any CPU
		Release|Any CPU = Release|Any CPU
	EndGlobalSection
	GlobalSection(ProjectConfigurationPlatforms) = postSolution
		{F070B490-A908-4F4B-B7C7-C0DF3D91BB4E}.Debug|Any CPU.ActiveCfg = Debug|Any CPU
		{F070B490-A908-4F4B-B7C7-C0DF3D91BB4E}.Debug|Any CPU.Build.0 = Debug|Any CPU
		{F070B490-A908-4F4B-B7C7-C0DF3D91BB4E}.Release|Any CPU.ActiveCfg = Release|Any CPU
		{F070B490-A908-4F4B-B7C7-C0DF3D91BB4E}.Release|Any CPU.Build.0 = Release|Any CPU
	EndGlobalSection
	GlobalSection(SolutionProperties) = preSolution
		HideSolutionNode = FALSE
	EndGlobalSection
	GlobalSection(ExtensibilityGlobals) = postSolution
		SolutionGuid = {B26611C8-1609-495C-B4CE-1CAAA8E5BC12}
	EndGlobalSection
EndGlobal
